
Microsoft Visual Studio Solution File, Format Version 12.00
# Visual Studio Version 17
VisualStudioVersion = 17.11.35327.3
MinimumVisualStudioVersion = 10.0.40219.1
Project("{FAE04EC0-301F-11D3-BF4B-00C04F79EFBC}") = "WpfItEquipment", "WpfItEquipment\WpfItEquipment.csproj", "{D1D5166D-16DF-40C7-8FDD-6AC94CE0A36B}"
EndProject
Global
	GlobalSection(SolutionConfigurationPlatforms) = preSolution
		Debug|Any CPU = Debug|Any CPU
		Release|Any CPU = Release|Any CPU
	EndGlobalSection
	GlobalSection(ProjectConfigurationPlatforms) = postSolution
		{D1D5166D-16DF-40C7-8FDD-6AC94CE0A36B}.Debug|Any CPU.ActiveCfg = Debug|Any CPU
		{D1D5166D-16DF-40C7-8FDD-6AC94CE0A36B}.Debug|Any CPU.Build.0 = Debug|Any CPU
		{D1D5166D-16DF-40C7-8FDD-6AC94CE0A36B}.Release|Any CPU.ActiveCfg = Release|Any CPU
		{D1D5166D-16DF-40C7-8FDD-6AC94CE0A36B}.Release|Any CPU.Build.0 = Release|Any CPU
	EndGlobalSection
	GlobalSection(SolutionProperties) = preSolution
		HideSolutionNode = FALSE
	EndGlobalSection
	GlobalSection(ExtensibilityGlobals) = postSolution
		SolutionGuid = {9B61176A-6069-463B-9522-DFD9C72ADDB0}
	EndGlobalSection
EndGlobal
